// !$*UTF8*$!
{
	archiveVersion = 1;
	classes = {
	};
	objectVersion = 46;
	objects = {

/* Begin PBXBuildFile section */
		25F131F993FF5E697A03BA02 /* Emoji.swift in Sources */ = {isa = PBXBuildFile; fileRef = 25F13F38C8B3D8C9E3A786B6 /* Emoji.swift */; };
		25F1358E362B13C42690D63D /* main.swift in Sources */ = {isa = PBXBuildFile; fileRef = 25F131461A07E40B0177A18E /* main.swift */; };
		25F135CEC35CF109BC65C329 /* ObjectiveCApi.m in Sources */ = {isa = PBXBuildFile; fileRef = 25F13727071D2EDDA6197B6D /* ObjectiveCApi.m */; };
		25F13817B137B4D235DDA9CC /* MixedCode.swift in Sources */ = {isa = PBXBuildFile; fileRef = 25F136D1B986A287EF20DA83 /* MixedCode.swift */; };
		25F138C95AAE78257CDB2171 /* Numbers.swift in Sources */ = {isa = PBXBuildFile; fileRef = 25F1396E7174C025783B8025 /* Numbers.swift */; };
/* End PBXBuildFile section */

/* Begin PBXCopyFilesBuildPhase section */
		25F13F7FC6C5889AFA7279CE /* CopyFiles */ = {
			isa = PBXCopyFilesBuildPhase;
			buildActionMask = 2147483647;
			dstPath = /usr/share/man/man1/;
			dstSubfolderSpec = 0;
			files = (
			);
			runOnlyForDeploymentPostprocessing = 1;
		};
/* End PBXCopyFilesBuildPhase section */

/* Begin PBXFileReference section */
		25F131461A07E40B0177A18E /* main.swift */ = {isa = PBXFileReference; lastKnownFileType = sourcecode.swift; path = main.swift; sourceTree = "<group>"; };
		25F136D1B986A287EF20DA83 /* MixedCode.swift */ = {isa = PBXFileReference; fileEncoding = 4; lastKnownFileType = sourcecode.swift; path = MixedCode.swift; sourceTree = "<group>"; };
		25F137170E399B5E69B3446B /* WhatsNew2017.1-Bridging-Header.h */ = {isa = PBXFileReference; fileEncoding = 4; lastKnownFileType = sourcecode.c.h; path = "WhatsNew2017.1-Bridging-Header.h"; sourceTree = "<group>"; };
		25F13727071D2EDDA6197B6D /* ObjectiveCApi.m */ = {isa = PBXFileReference; fileEncoding = 4; lastKnownFileType = sourcecode.c.objc; path = ObjectiveCApi.m; sourceTree = "<group>"; };
		25F1396E7174C025783B8025 /* Numbers.swift */ = {isa = PBXFileReference; fileEncoding = 4; lastKnownFileType = sourcecode.swift; path = Numbers.swift; sourceTree = "<group>"; };
		25F13AD14DD9C26EB0A2B0A6 /* WhatsNew2017.1 */ = {isa = PBXFileReference; explicitFileType = "compiled.mach-o.executable"; includeInIndex = 0; path = WhatsNew2017.1; sourceTree = BUILT_PRODUCTS_DIR; };
		25F13ECFBF59F466C0F86618 /* ObjectiveCApi.h */ = {isa = PBXFileReference; fileEncoding = 4; lastKnownFileType = sourcecode.c.h; path = ObjectiveCApi.h; sourceTree = "<group>"; };
		25F13F38C8B3D8C9E3A786B6 /* Emoji.swift */ = {isa = PBXFileReference; fileEncoding = 4; lastKnownFileType = sourcecode.swift; path = Emoji.swift; sourceTree = "<group>"; };
/* End PBXFileReference section */

/* Begin PBXFrameworksBuildPhase section */
		25F13709396B84E6E6AF1B4E /* Frameworks */ = {
			isa = PBXFrameworksBuildPhase;
			buildActionMask = 2147483647;
			files = (
			);
			runOnlyForDeploymentPostprocessing = 0;
		};
/* End PBXFrameworksBuildPhase section */

/* Begin PBXGroup section */
		25F13157BDE58C8FE10BB893 /* Swift */ = {
			isa = PBXGroup;
			children = (
				25F1396E7174C025783B8025 /* Numbers.swift */,
				25F13F38C8B3D8C9E3A786B6 /* Emoji.swift */,
				25F136D1B986A287EF20DA83 /* MixedCode.swift */,
			);
			path = Swift;
			sourceTree = "<group>";
		};
		25F131FF2A1DC80C262C4866 /* WhatsNew2017.1 */ = {
			isa = PBXGroup;
			children = (
				25F131461A07E40B0177A18E /* main.swift */,
				25F132DC3DB7A20970399D64 /* Objective-C */,
				25F13157BDE58C8FE10BB893 /* Swift */,
			);
			path = WhatsNew2017.1;
			sourceTree = "<group>";
		};
		25F132DC3DB7A20970399D64 /* Objective-C */ = {
			isa = PBXGroup;
			children = (
				25F13727071D2EDDA6197B6D /* ObjectiveCApi.m */,
				25F13ECFBF59F466C0F86618 /* ObjectiveCApi.h */,
				25F137170E399B5E69B3446B /* WhatsNew2017.1-Bridging-Header.h */,
			);
			path = "Objective-C";
			sourceTree = "<group>";
		};
		25F138D0782904816387C609 = {
			isa = PBXGroup;
			children = (
				25F13B6F60F8425CF5EEF11F /* Products */,
				25F131FF2A1DC80C262C4866 /* WhatsNew2017.1 */,
			);
			sourceTree = "<group>";
		};
		25F13B6F60F8425CF5EEF11F /* Products */ = {
			isa = PBXGroup;
			children = (
				25F13AD14DD9C26EB0A2B0A6 /* WhatsNew2017.1 */,
			);
			name = Products;
			sourceTree = "<group>";
		};
/* End PBXGroup section */

/* Begin PBXNativeTarget section */
		25F137FB92535166AE931DE4 /* WhatsNew2017.1 */ = {
			isa = PBXNativeTarget;
			buildConfigurationList = 25F13DF50607B4345AF56A28 /* Build configuration list for PBXNativeTarget "WhatsNew2017.1" */;
			buildPhases = (
				25F13FDFABFE7F856DE51D2C /* Sources */,
				25F13709396B84E6E6AF1B4E /* Frameworks */,
				25F13F7FC6C5889AFA7279CE /* CopyFiles */,
			);
			buildRules = (
			);
			dependencies = (
			);
			name = WhatsNew2017.1;
			productName = WhatsNew2017.1;
			productReference = 25F13AD14DD9C26EB0A2B0A6 /* WhatsNew2017.1 */;
			productType = "com.apple.product-type.tool";
		};
/* End PBXNativeTarget section */

/* Begin PBXProject section */
		25F13929012B4A58998A721A /* Project object */ = {
			isa = PBXProject;
			attributes = {
				ORGANIZATIONNAME = JetBrains;
			};
			buildConfigurationList = 25F13472846B7016E0F554DB /* Build configuration list for PBXProject "WhatsNew2017.1" */;
			compatibilityVersion = "Xcode 3.2";
			developmentRegion = English;
			hasScannedForEncodings = 0;
			knownRegions = (
				en,
			);
			mainGroup = 25F138D0782904816387C609;
			productRefGroup = 25F13B6F60F8425CF5EEF11F /* Products */;
			projectDirPath = "";
			projectRoot = "";
			targets = (
				25F137FB92535166AE931DE4 /* WhatsNew2017.1 */,
			);
		};
/* End PBXProject section */

/* Begin PBXSourcesBuildPhase section */
		25F13FDFABFE7F856DE51D2C /* Sources */ = {
			isa = PBXSourcesBuildPhase;
			buildActionMask = 2147483647;
			files = (
				25F1358E362B13C42690D63D /* main.swift in Sources */,
				25F135CEC35CF109BC65C329 /* ObjectiveCApi.m in Sources */,
				25F138C95AAE78257CDB2171 /* Numbers.swift in Sources */,
				25F131F993FF5E697A03BA02 /* Emoji.swift in Sources */,
				25F13817B137B4D235DDA9CC /* MixedCode.swift in Sources */,
			);
			runOnlyForDeploymentPostprocessing = 0;
		};
/* End PBXSourcesBuildPhase section */

/* Begin XCBuildConfiguration section */
		25F130732904F5AC4233F60B /* Release */ = {
			isa = XCBuildConfiguration;
			buildSettings = {
				ALWAYS_SEARCH_USER_PATHS = NO;
				CLANG_ANALYZER_NONNULL = YES;
				CLANG_ANALYZER_NUMBER_OBJECT_CONVERSION = YES_AGGRESSIVE;
				CLANG_CXX_LANGUAGE_STANDARD = "gnu++0x";
				CLANG_CXX_LIBRARY = "libc++";
				CLANG_ENABLE_MODULES = YES;
				CLANG_ENABLE_OBJC_ARC = YES;
				CLANG_WARN_BOOL_CONVERSION = YES;
				CLANG_WARN_CONSTANT_CONVERSION = YES;
				CLANG_WARN_DIRECT_OBJC_ISA_USAGE = YES_ERROR;
				CLANG_WARN_DOCUMENTATION_COMMENTS = YES;
				CLANG_WARN_EMPTY_BODY = YES;
				CLANG_WARN_ENUM_CONVERSION = YES;
				CLANG_WARN_INFINITE_RECURSION = YES;
				CLANG_WARN_INT_CONVERSION = YES;
				CLANG_WARN_OBJC_ROOT_CLASS = YES_ERROR;
				CLANG_WARN_SUSPICIOUS_MOVE = YES;
				CLANG_WARN_UNREACHABLE_CODE = YES;
				CLANG_WARN__DUPLICATE_METHOD_MATCH = YES;
				CODE_SIGN_IDENTITY = "-";
				COPY_PHASE_STRIP = NO;
				DEBUG_INFORMATION_FORMAT = "dwarf-with-dsym";
				ENABLE_NS_ASSERTIONS = NO;
				ENABLE_STRICT_OBJC_MSGSEND = YES;
				GCC_C_LANGUAGE_STANDARD = gnu99;
				GCC_NO_COMMON_BLOCKS = YES;
				GCC_WARN_64_TO_32_BIT_CONVERSION = YES;
				GCC_WARN_ABOUT_RETURN_TYPE = YES_ERROR;
				GCC_WARN_UNDECLARED_SELECTOR = YES;
				GCC_WARN_UNINITIALIZED_AUTOS = YES_AGGRESSIVE;
				GCC_WARN_UNUSED_FUNCTION = YES;
				GCC_WARN_UNUSED_VARIABLE = YES;
				MACOSX_DEPLOYMENT_TARGET = 10.12;
				MTL_ENABLE_DEBUG_INFO = NO;
				SDKROOT = macosx;
			};
			name = Release;
		};
		25F1393904B00BB15AEFD411 /* Debug */ = {
			isa = XCBuildConfiguration;
			buildSettings = {
				PRODUCT_NAME = "$(TARGET_NAME)";
				SWIFT_OBJC_BRIDGING_HEADER = "WhatsNew2017.1/Objective-C/WhatsNew2017.1-Bridging-Header.h";
				SWIFT_VERSION = 3.1;
			};
			name = Debug;
		};
		25F139398601057CC6AEC6F7 /* Debug */ = {
			isa = XCBuildConfiguration;
			buildSettings = {
				ALWAYS_SEARCH_USER_PATHS = NO;
				CLANG_ANALYZER_NONNULL = YES;
				CLANG_ANALYZER_NUMBER_OBJECT_CONVERSION = YES_AGGRESSIVE;
				CLANG_CXX_LANGUAGE_STANDARD = "gnu++0x";
				CLANG_CXX_LIBRARY = "libc++";
				CLANG_ENABLE_MODULES = YES;
				CLANG_ENABLE_OBJC_ARC = YES;
				CLANG_WARN_BOOL_CONVERSION = YES;
				CLANG_WARN_CONSTANT_CONVERSION = YES;
				CLANG_WARN_DIRECT_OBJC_ISA_USAGE = YES_ERROR;
				CLANG_WARN_DOCUMENTATION_COMMENTS = YES;
				CLANG_WARN_EMPTY_BODY = YES;
				CLANG_WARN_ENUM_CONVERSION = YES;
				CLANG_WARN_INFINITE_RECURSION = YES;
				CLANG_WARN_INT_CONVERSION = YES;
				CLANG_WARN_OBJC_ROOT_CLASS = YES_ERROR;
				CLANG_WARN_SUSPICIOUS_MOVE = YES;
				CLANG_WARN_UNREACHABLE_CODE = YES;
				CLANG_WARN__DUPLICATE_METHOD_MATCH = YES;
				CODE_SIGN_IDENTITY = "-";
				COPY_PHASE_STRIP = NO;
				DEBUG_INFORMATION_FORMAT = dwarf;
				ENABLE_STRICT_OBJC_MSGSEND = YES;
				ENABLE_TESTABILITY = YES;
				GCC_C_LANGUAGE_STANDARD = gnu99;
				GCC_DYNAMIC_NO_PIC = NO;
				GCC_NO_COMMON_BLOCKS = YES;
				GCC_OPTIMIZATION_LEVEL = 0;
				GCC_PREPROCESSOR_DEFINITIONS = (
					"DEBUG=1",
					"$(inherited)",
				);
				GCC_WARN_64_TO_32_BIT_CONVERSION = YES;
				GCC_WARN_ABOUT_RETURN_TYPE = YES_ERROR;
				GCC_WARN_UNDECLARED_SELECTOR = YES;
				GCC_WARN_UNINITIALIZED_AUTOS = YES_AGGRESSIVE;
				GCC_WARN_UNUSED_FUNCTION = YES;
				GCC_WARN_UNUSED_VARIABLE = YES;
				MACOSX_DEPLOYMENT_TARGET = 10.12;
				MTL_ENABLE_DEBUG_INFO = YES;
				ONLY_ACTIVE_ARCH = YES;
				SDKROOT = macosx;
				SWIFT_OPTIMIZATION_LEVEL = "-Onone";
			};
			name = Debug;
		};
		25F13A7FE314F6F915A7B989 /* Release */ = {
			isa = XCBuildConfiguration;
			buildSettings = {
				PRODUCT_NAME = "$(TARGET_NAME)";
				SWIFT_OBJC_BRIDGING_HEADER = "WhatsNew2017.1/Objective-C/WhatsNew2017.1-Bridging-Header.h";
				SWIFT_VERSION = 3.1;
			};
			name = Release;
		};
/* End XCBuildConfiguration section */

/* Begin XCConfigurationList section */
		25F13472846B7016E0F554DB /* Build configuration list for PBXProject "WhatsNew2017.1" */ = {
			isa = XCConfigurationList;
			buildConfigurations = (
				25F139398601057CC6AEC6F7 /* Debug */,
				25F130732904F5AC4233F60B /* Release */,
			);
			defaultConfigurationIsVisible = 0;
			defaultConfigurationName = Release;
		};
		25F13DF50607B4345AF56A28 /* Build configuration list for PBXNativeTarget "WhatsNew2017.1" */ = {
			isa = XCConfigurationList;
			buildConfigurations = (
				25F1393904B00BB15AEFD411 /* Debug */,
				25F13A7FE314F6F915A7B989 /* Release */,
			);
			defaultConfigurationIsVisible = 0;
			defaultConfigurationName = Release;
		};
/* End XCConfigurationList section */
	};
	rootObject = 25F13929012B4A58998A721A /* Project object */;
}
